// !$*UTF8*$!
{
	archiveVersion = 1;
	classes = {
	};
	objectVersion = 56;
	objects = {

/* Begin PBXBuildFile section */
		18B35BFC2B29A1C90077CAB6 /* SelectCurrency.swift in Sources */ = {isa = PBXBuildFile; fileRef = 18B35BFB2B29A1C90077CAB6 /* SelectCurrency.swift */; };
		18B35BFE2B29B10F0077CAB6 /* CurrencyIcon.swift in Sources */ = {isa = PBXBuildFile; fileRef = 18B35BFD2B29B10F0077CAB6 /* CurrencyIcon.swift */; };
		18BD7AAB2B15032D00A93EEE /* CurrencyConvertorApp.swift in Sources */ = {isa = PBXBuildFile; fileRef = 18BD7AAA2B15032D00A93EEE /* CurrencyConvertorApp.swift */; };
		18BD7AAD2B15032D00A93EEE /* ContentView.swift in Sources */ = {isa = PBXBuildFile; fileRef = 18BD7AAC2B15032D00A93EEE /* ContentView.swift */; };
		18BD7AAF2B15032F00A93EEE /* Assets.xcassets in Resources */ = {isa = PBXBuildFile; fileRef = 18BD7AAE2B15032F00A93EEE /* Assets.xcassets */; };
		18BD7AB22B15032F00A93EEE /* Preview Assets.xcassets in Resources */ = {isa = PBXBuildFile; fileRef = 18BD7AB12B15032F00A93EEE /* Preview Assets.xcassets */; };
		18BD7ABC2B15032F00A93EEE /* CurrencyConvertorTests.swift in Sources */ = {isa = PBXBuildFile; fileRef = 18BD7ABB2B15032F00A93EEE /* CurrencyConvertorTests.swift */; };
		18BD7AC62B15032F00A93EEE /* CurrencyConvertorUITests.swift in Sources */ = {isa = PBXBuildFile; fileRef = 18BD7AC52B15032F00A93EEE /* CurrencyConvertorUITests.swift */; };
		18BD7AC82B15032F00A93EEE /* CurrencyConvertorUITestsLaunchTests.swift in Sources */ = {isa = PBXBuildFile; fileRef = 18BD7AC72B15032F00A93EEE /* CurrencyConvertorUITestsLaunchTests.swift */; };
		18DE2EC52B1CA318002265F8 /* ExchangeInfo.swift in Sources */ = {isa = PBXBuildFile; fileRef = 18DE2EC42B1CA318002265F8 /* ExchangeInfo.swift */; };
		18DE2EC72B1CC43B002265F8 /* ExchangeRate.swift in Sources */ = {isa = PBXBuildFile; fileRef = 18DE2EC62B1CC43B002265F8 /* ExchangeRate.swift */; };
/* End PBXBuildFile section */

/* Begin PBXContainerItemProxy section */
		18BD7AB82B15032F00A93EEE /* PBXContainerItemProxy */ = {
			isa = PBXContainerItemProxy;
			containerPortal = 18BD7A9F2B15032D00A93EEE /* Project object */;
			proxyType = 1;
			remoteGlobalIDString = 18BD7AA62B15032D00A93EEE;
			remoteInfo = CurrencyConvertor;
		};
		18BD7AC22B15032F00A93EEE /* PBXContainerItemProxy */ = {
			isa = PBXContainerItemProxy;
			containerPortal = 18BD7A9F2B15032D00A93EEE /* Project object */;
			proxyType = 1;
			remoteGlobalIDString = 18BD7AA62B15032D00A93EEE;
			remoteInfo = CurrencyConvertor;
		};
/* End PBXContainerItemProxy section */

/* Begin PBXFileReference section */
		18B35BFB2B29A1C90077CAB6 /* SelectCurrency.swift */ = {isa = PBXFileReference; lastKnownFileType = sourcecode.swift; path = SelectCurrency.swift; sourceTree = "<group>"; };
		18B35BFD2B29B10F0077CAB6 /* CurrencyIcon.swift */ = {isa = PBXFileReference; lastKnownFileType = sourcecode.swift; path = CurrencyIcon.swift; sourceTree = "<group>"; };
		18BD7AA72B15032D00A93EEE /* CurrencyConvertor.app */ = {isa = PBXFileReference; explicitFileType = wrapper.application; includeInIndex = 0; path = CurrencyConvertor.app; sourceTree = BUILT_PRODUCTS_DIR; };
		18BD7AAA2B15032D00A93EEE /* CurrencyConvertorApp.swift */ = {isa = PBXFileReference; lastKnownFileType = sourcecode.swift; path = CurrencyConvertorApp.swift; sourceTree = "<group>"; };
		18BD7AAC2B15032D00A93EEE /* ContentView.swift */ = {isa = PBXFileReference; lastKnownFileType = sourcecode.swift; path = ContentView.swift; sourceTree = "<group>"; };
		18BD7AAE2B15032F00A93EEE /* Assets.xcassets */ = {isa = PBXFileReference; lastKnownFileType = folder.assetcatalog; path = Assets.xcassets; sourceTree = "<group>"; };
		18BD7AB12B15032F00A93EEE /* Preview Assets.xcassets */ = {isa = PBXFileReference; lastKnownFileType = folder.assetcatalog; path = "Preview Assets.xcassets"; sourceTree = "<group>"; };
		18BD7AB72B15032F00A93EEE /* CurrencyConvertorTests.xctest */ = {isa = PBXFileReference; explicitFileType = wrapper.cfbundle; includeInIndex = 0; path = CurrencyConvertorTests.xctest; sourceTree = BUILT_PRODUCTS_DIR; };
		18BD7ABB2B15032F00A93EEE /* CurrencyConvertorTests.swift */ = {isa = PBXFileReference; lastKnownFileType = sourcecode.swift; path = CurrencyConvertorTests.swift; sourceTree = "<group>"; };
		18BD7AC12B15032F00A93EEE /* CurrencyConvertorUITests.xctest */ = {isa = PBXFileReference; explicitFileType = wrapper.cfbundle; includeInIndex = 0; path = CurrencyConvertorUITests.xctest; sourceTree = BUILT_PRODUCTS_DIR; };
		18BD7AC52B15032F00A93EEE /* CurrencyConvertorUITests.swift */ = {isa = PBXFileReference; lastKnownFileType = sourcecode.swift; path = CurrencyConvertorUITests.swift; sourceTree = "<group>"; };
		18BD7AC72B15032F00A93EEE /* CurrencyConvertorUITestsLaunchTests.swift */ = {isa = PBXFileReference; lastKnownFileType = sourcecode.swift; path = CurrencyConvertorUITestsLaunchTests.swift; sourceTree = "<group>"; };
		18DE2EC42B1CA318002265F8 /* ExchangeInfo.swift */ = {isa = PBXFileReference; lastKnownFileType = sourcecode.swift; path = ExchangeInfo.swift; sourceTree = "<group>"; };
		18DE2EC62B1CC43B002265F8 /* ExchangeRate.swift */ = {isa = PBXFileReference; lastKnownFileType = sourcecode.swift; path = ExchangeRate.swift; sourceTree = "<group>"; };
/* End PBXFileReference section */

/* Begin PBXFrameworksBuildPhase section */
		18BD7AA42B15032D00A93EEE /* Frameworks */ = {
			isa = PBXFrameworksBuildPhase;
			buildActionMask = 2147483647;
			files = (
			);
			runOnlyForDeploymentPostprocessing = 0;
		};
		18BD7AB42B15032F00A93EEE /* Frameworks */ = {
			isa = PBXFrameworksBuildPhase;
			buildActionMask = 2147483647;
			files = (
			);
			runOnlyForDeploymentPostprocessing = 0;
		};
		18BD7ABE2B15032F00A93EEE /* Frameworks */ = {
			isa = PBXFrameworksBuildPhase;
			buildActionMask = 2147483647;
			files = (
			);
			runOnlyForDeploymentPostprocessing = 0;
		};
/* End PBXFrameworksBuildPhase section */

/* Begin PBXGroup section */
		18BD7A9E2B15032D00A93EEE = {
			isa = PBXGroup;
			children = (
				18BD7AA92B15032D00A93EEE /* CurrencyConvertor */,
				18BD7ABA2B15032F00A93EEE /* CurrencyConvertorTests */,
				18BD7AC42B15032F00A93EEE /* CurrencyConvertorUITests */,
				18BD7AA82B15032D00A93EEE /* Products */,
			);
			sourceTree = "<group>";
		};
		18BD7AA82B15032D00A93EEE /* Products */ = {
			isa = PBXGroup;
			children = (
				18BD7AA72B15032D00A93EEE /* CurrencyConvertor.app */,
				18BD7AB72B15032F00A93EEE /* CurrencyConvertorTests.xctest */,
				18BD7AC12B15032F00A93EEE /* CurrencyConvertorUITests.xctest */,
			);
			name = Products;
			sourceTree = "<group>";
		};
		18BD7AA92B15032D00A93EEE /* CurrencyConvertor */ = {
			isa = PBXGroup;
			children = (
				18BD7AAA2B15032D00A93EEE /* CurrencyConvertorApp.swift */,
				18BD7AAC2B15032D00A93EEE /* ContentView.swift */,
				18B35BFB2B29A1C90077CAB6 /* SelectCurrency.swift */,
				18B35BFD2B29B10F0077CAB6 /* CurrencyIcon.swift */,
				18DE2EC42B1CA318002265F8 /* ExchangeInfo.swift */,
				18DE2EC62B1CC43B002265F8 /* ExchangeRate.swift */,
				18BD7AAE2B15032F00A93EEE /* Assets.xcassets */,
				18BD7AB02B15032F00A93EEE /* Preview Content */,
			);
			path = CurrencyConvertor;
			sourceTree = "<group>";
		};
		18BD7AB02B15032F00A93EEE /* Preview Content */ = {
			isa = PBXGroup;
			children = (
				18BD7AB12B15032F00A93EEE /* Preview Assets.xcassets */,
			);
			path = "Preview Content";
			sourceTree = "<group>";
		};
		18BD7ABA2B15032F00A93EEE /* CurrencyConvertorTests */ = {
			isa = PBXGroup;
			children = (
				18BD7ABB2B15032F00A93EEE /* CurrencyConvertorTests.swift */,
			);
			path = CurrencyConvertorTests;
			sourceTree = "<group>";
		};
		18BD7AC42B15032F00A93EEE /* CurrencyConvertorUITests */ = {
			isa = PBXGroup;
			children = (
				18BD7AC52B15032F00A93EEE /* CurrencyConvertorUITests.swift */,
				18BD7AC72B15032F00A93EEE /* CurrencyConvertorUITestsLaunchTests.swift */,
			);
			path = CurrencyConvertorUITests;
			sourceTree = "<group>";
		};
/* End PBXGroup section */

/* Begin PBXNativeTarget section */
		18BD7AA62B15032D00A93EEE /* CurrencyConvertor */ = {
			isa = PBXNativeTarget;
			buildConfigurationList = 18BD7ACB2B15032F00A93EEE /* Build configuration list for PBXNativeTarget "CurrencyConvertor" */;
			buildPhases = (
				18BD7AA32B15032D00A93EEE /* Sources */,
				18BD7AA42B15032D00A93EEE /* Frameworks */,
				18BD7AA52B15032D00A93EEE /* Resources */,
			);
			buildRules = (
			);
			dependencies = (
			);
			name = CurrencyConvertor;
			productName = CurrencyConvertor;
			productReference = 18BD7AA72B15032D00A93EEE /* CurrencyConvertor.app */;
			productType = "com.apple.product-type.application";
		};
		18BD7AB62B15032F00A93EEE /* CurrencyConvertorTests */ = {
			isa = PBXNativeTarget;
			buildConfigurationList = 18BD7ACE2B15032F00A93EEE /* Build configuration list for PBXNativeTarget "CurrencyConvertorTests" */;
			buildPhases = (
				18BD7AB32B15032F00A93EEE /* Sources */,
				18BD7AB42B15032F00A93EEE /* Frameworks */,
				18BD7AB52B15032F00A93EEE /* Resources */,
			);
			buildRules = (
			);
			dependencies = (
				18BD7AB92B15032F00A93EEE /* PBXTargetDependency */,
			);
			name = CurrencyConvertorTests;
			productName = CurrencyConvertorTests;
			productReference = 18BD7AB72B15032F00A93EEE /* CurrencyConvertorTests.xctest */;
			productType = "com.apple.product-type.bundle.unit-test";
		};
		18BD7AC02B15032F00A93EEE /* CurrencyConvertorUITests */ = {
			isa = PBXNativeTarget;
			buildConfigurationList = 18BD7AD12B15032F00A93EEE /* Build configuration list for PBXNativeTarget "CurrencyConvertorUITests" */;
			buildPhases = (
				18BD7ABD2B15032F00A93EEE /* Sources */,
				18BD7ABE2B15032F00A93EEE /* Frameworks */,
				18BD7ABF2B15032F00A93EEE /* Resources */,
			);
			buildRules = (
			);
			dependencies = (
				18BD7AC32B15032F00A93EEE /* PBXTargetDependency */,
			);
			name = CurrencyConvertorUITests;
			productName = CurrencyConvertorUITests;
			productReference = 18BD7AC12B15032F00A93EEE /* CurrencyConvertorUITests.xctest */;
			productType = "com.apple.product-type.bundle.ui-testing";
		};
/* End PBXNativeTarget section */

/* Begin PBXProject section */
		18BD7A9F2B15032D00A93EEE /* Project object */ = {
			isa = PBXProject;
			attributes = {
				BuildIndependentTargetsInParallel = 1;
				LastSwiftUpdateCheck = 1500;
				LastUpgradeCheck = 1500;
				TargetAttributes = {
					18BD7AA62B15032D00A93EEE = {
						CreatedOnToolsVersion = 15.0;
					};
					18BD7AB62B15032F00A93EEE = {
						CreatedOnToolsVersion = 15.0;
						TestTargetID = 18BD7AA62B15032D00A93EEE;
					};
					18BD7AC02B15032F00A93EEE = {
						CreatedOnToolsVersion = 15.0;
						TestTargetID = 18BD7AA62B15032D00A93EEE;
					};
				};
			};
			buildConfigurationList = 18BD7AA22B15032D00A93EEE /* Build configuration list for PBXProject "CurrencyConvertor" */;
			compatibilityVersion = "Xcode 14.0";
			developmentRegion = en;
			hasScannedForEncodings = 0;
			knownRegions = (
				en,
				Base,
			);
			mainGroup = 18BD7A9E2B15032D00A93EEE;
			productRefGroup = 18BD7AA82B15032D00A93EEE /* Products */;
			projectDirPath = "";
			projectRoot = "";
			targets = (
				18BD7AA62B15032D00A93EEE /* CurrencyConvertor */,
				18BD7AB62B15032F00A93EEE /* CurrencyConvertorTests */,
				18BD7AC02B15032F00A93EEE /* CurrencyConvertorUITests */,
			);
		};
/* End PBXProject section */

/* Begin PBXResourcesBuildPhase section */
		18BD7AA52B15032D00A93EEE /* Resources */ = {
			isa = PBXResourcesBuildPhase;
			buildActionMask = 2147483647;
			files = (
				18BD7AB22B15032F00A93EEE /* Preview Assets.xcassets in Resources */,
				18BD7AAF2B15032F00A93EEE /* Assets.xcassets in Resources */,
			);
			runOnlyForDeploymentPostprocessing = 0;
		};
		18BD7AB52B15032F00A93EEE /* Resources */ = {
			isa = PBXResourcesBuildPhase;
			buildActionMask = 2147483647;
			files = (
			);
			runOnlyForDeploymentPostprocessing = 0;
		};
		18BD7ABF2B15032F00A93EEE /* Resources */ = {
			isa = PBXResourcesBuildPhase;
			buildActionMask = 2147483647;
			files = (
			);
			runOnlyForDeploymentPostprocessing = 0;
		};
/* End PBXResourcesBuildPhase section */

/* Begin PBXSourcesBuildPhase section */
		18BD7AA32B15032D00A93EEE /* Sources */ = {
			isa = PBXSourcesBuildPhase;
			buildActionMask = 2147483647;
			files = (
				18DE2EC72B1CC43B002265F8 /* ExchangeRate.swift in Sources */,
				18B35BFC2B29A1C90077CAB6 /* SelectCurrency.swift in Sources */,
				18DE2EC52B1CA318002265F8 /* ExchangeInfo.swift in Sources */,
				18BD7AAD2B15032D00A93EEE /* ContentView.swift in Sources */,
				18BD7AAB2B15032D00A93EEE /* CurrencyConvertorApp.swift in Sources */,
				18B35BFE2B29B10F0077CAB6 /* CurrencyIcon.swift in Sources */,
			);
			runOnlyForDeploymentPostprocessing = 0;
		};
		18BD7AB32B15032F00A93EEE /* Sources */ = {
			isa = PBXSourcesBuildPhase;
			buildActionMask = 2147483647;
			files = (
				18BD7ABC2B15032F00A93EEE /* CurrencyConvertorTests.swift in Sources */,
			);
			runOnlyForDeploymentPostprocessing = 0;
		};
		18BD7ABD2B15032F00A93EEE /* Sources */ = {
			isa = PBXSourcesBuildPhase;
			buildActionMask = 2147483647;
			files = (
				18BD7AC82B15032F00A93EEE /* CurrencyConvertorUITestsLaunchTests.swift in Sources */,
				18BD7AC62B15032F00A93EEE /* CurrencyConvertorUITests.swift in Sources */,
			);
			runOnlyForDeploymentPostprocessing = 0;
		};
/* End PBXSourcesBuildPhase section */

/* Begin PBXTargetDependency section */
		18BD7AB92B15032F00A93EEE /* PBXTargetDependency */ = {
			isa = PBXTargetDependency;
			target = 18BD7AA62B15032D00A93EEE /* CurrencyConvertor */;
			targetProxy = 18BD7AB82B15032F00A93EEE /* PBXContainerItemProxy */;
		};
		18BD7AC32B15032F00A93EEE /* PBXTargetDependency */ = {
			isa = PBXTargetDependency;
			target = 18BD7AA62B15032D00A93EEE /* CurrencyConvertor */;
			targetProxy = 18BD7AC22B15032F00A93EEE /* PBXContainerItemProxy */;
		};
/* End PBXTargetDependency section */

/* Begin XCBuildConfiguration section */
		18BD7AC92B15032F00A93EEE /* Debug */ = {
			isa = XCBuildConfiguration;
			buildSettings = {
				ALWAYS_SEARCH_USER_PATHS = NO;
				ASSETCATALOG_COMPILER_GENERATE_SWIFT_ASSET_SYMBOL_EXTENSIONS = YES;
				CLANG_ANALYZER_NONNULL = YES;
				CLANG_ANALYZER_NUMBER_OBJECT_CONVERSION = YES_AGGRESSIVE;
				CLANG_CXX_LANGUAGE_STANDARD = "gnu++20";
				CLANG_ENABLE_MODULES = YES;
				CLANG_ENABLE_OBJC_ARC = YES;
				CLANG_ENABLE_OBJC_WEAK = YES;
				CLANG_WARN_BLOCK_CAPTURE_AUTORELEASING = YES;
				CLANG_WARN_BOOL_CONVERSION = YES;
				CLANG_WARN_COMMA = YES;
				CLANG_WARN_CONSTANT_CONVERSION = YES;
				CLANG_WARN_DEPRECATED_OBJC_IMPLEMENTATIONS = YES;
				CLANG_WARN_DIRECT_OBJC_ISA_USAGE = YES_ERROR;
				CLANG_WARN_DOCUMENTATION_COMMENTS = YES;
				CLANG_WARN_EMPTY_BODY = YES;
				CLANG_WARN_ENUM_CONVERSION = YES;
				CLANG_WARN_INFINITE_RECURSION = YES;
				CLANG_WARN_INT_CONVERSION = YES;
				CLANG_WARN_NON_LITERAL_NULL_CONVERSION = YES;
				CLANG_WARN_OBJC_IMPLICIT_RETAIN_SELF = YES;
				CLANG_WARN_OBJC_LITERAL_CONVERSION = YES;
				CLANG_WARN_OBJC_ROOT_CLASS = YES_ERROR;
				CLANG_WARN_QUOTED_INCLUDE_IN_FRAMEWORK_HEADER = YES;
				CLANG_WARN_RANGE_LOOP_ANALYSIS = YES;
				CLANG_WARN_STRICT_PROTOTYPES = YES;
				CLANG_WARN_SUSPICIOUS_MOVE = YES;
				CLANG_WARN_UNGUARDED_AVAILABILITY = YES_AGGRESSIVE;
				CLANG_WARN_UNREACHABLE_CODE = YES;
				CLANG_WARN__DUPLICATE_METHOD_MATCH = YES;
				COPY_PHASE_STRIP = NO;
				DEBUG_INFORMATION_FORMAT = dwarf;
				ENABLE_STRICT_OBJC_MSGSEND = YES;
				ENABLE_TESTABILITY = YES;
				ENABLE_USER_SCRIPT_SANDBOXING = YES;
				GCC_C_LANGUAGE_STANDARD = gnu17;
				GCC_DYNAMIC_NO_PIC = NO;
				GCC_NO_COMMON_BLOCKS = YES;
				GCC_OPTIMIZATION_LEVEL = 0;
				GCC_PREPROCESSOR_DEFINITIONS = (
					"DEBUG=1",
					"$(inherited)",
				);
				GCC_WARN_64_TO_32_BIT_CONVERSION = YES;
				GCC_WARN_ABOUT_RETURN_TYPE = YES_ERROR;
				GCC_WARN_UNDECLARED_SELECTOR = YES;
				GCC_WARN_UNINITIALIZED_AUTOS = YES_AGGRESSIVE;
				GCC_WARN_UNUSED_FUNCTION = YES;
				GCC_WARN_UNUSED_VARIABLE = YES;
				IPHONEOS_DEPLOYMENT_TARGET = 17.0;
				LOCALIZATION_PREFERS_STRING_CATALOGS = YES;
				MTL_ENABLE_DEBUG_INFO = INCLUDE_SOURCE;
				MTL_FAST_MATH = YES;
				ONLY_ACTIVE_ARCH = YES;
				SDKROOT = iphoneos;
				SWIFT_ACTIVE_COMPILATION_CONDITIONS = "DEBUG $(inherited)";
				SWIFT_OPTIMIZATION_LEVEL = "-Onone";
			};
			name = Debug;
		};
		18BD7ACA2B15032F00A93EEE /* Release */ = {
			isa = XCBuildConfiguration;
			buildSettings = {
				ALWAYS_SEARCH_USER_PATHS = NO;
				ASSETCATALOG_COMPILER_GENERATE_SWIFT_ASSET_SYMBOL_EXTENSIONS = YES;
				CLANG_ANALYZER_NONNULL = YES;
				CLANG_ANALYZER_NUMBER_OBJECT_CONVERSION = YES_AGGRESSIVE;
				CLANG_CXX_LANGUAGE_STANDARD = "gnu++20";
				CLANG_ENABLE_MODULES = YES;
				CLANG_ENABLE_OBJC_ARC = YES;
				CLANG_ENABLE_OBJC_WEAK = YES;
				CLANG_WARN_BLOCK_CAPTURE_AUTORELEASING = YES;
				CLANG_WARN_BOOL_CONVERSION = YES;
				CLANG_WARN_COMMA = YES;
				CLANG_WARN_CONSTANT_CONVERSION = YES;
				CLANG_WARN_DEPRECATED_OBJC_IMPLEMENTATIONS = YES;
				CLANG_WARN_DIRECT_OBJC_ISA_USAGE = YES_ERROR;
				CLANG_WARN_DOCUMENTATION_COMMENTS = YES;
				CLANG_WARN_EMPTY_BODY = YES;
				CLANG_WARN_ENUM_CONVERSION = YES;
				CLANG_WARN_INFINITE_RECURSION = YES;
				CLANG_WARN_INT_CONVERSION = YES;
				CLANG_WARN_NON_LITERAL_NULL_CONVERSION = YES;
				CLANG_WARN_OBJC_IMPLICIT_RETAIN_SELF = YES;
				CLANG_WARN_OBJC_LITERAL_CONVERSION = YES;
				CLANG_WARN_OBJC_ROOT_CLASS = YES_ERROR;
				CLANG_WARN_QUOTED_INCLUDE_IN_FRAMEWORK_HEADER = YES;
				CLANG_WARN_RANGE_LOOP_ANALYSIS = YES;
				CLANG_WARN_STRICT_PROTOTYPES = YES;
				CLANG_WARN_SUSPICIOUS_MOVE = YES;
				CLANG_WARN_UNGUARDED_AVAILABILITY = YES_AGGRESSIVE;
				CLANG_WARN_UNREACHABLE_CODE = YES;
				CLANG_WARN__DUPLICATE_METHOD_MATCH = YES;
				COPY_PHASE_STRIP = NO;
				DEBUG_INFORMATION_FORMAT = "dwarf-with-dsym";
				ENABLE_NS_ASSERTIONS = NO;
				ENABLE_STRICT_OBJC_MSGSEND = YES;
				ENABLE_USER_SCRIPT_SANDBOXING = YES;
				GCC_C_LANGUAGE_STANDARD = gnu17;
				GCC_NO_COMMON_BLOCKS = YES;
				GCC_WARN_64_TO_32_BIT_CONVERSION = YES;
				GCC_WARN_ABOUT_RETURN_TYPE = YES_ERROR;
				GCC_WARN_UNDECLARED_SELECTOR = YES;
				GCC_WARN_UNINITIALIZED_AUTOS = YES_AGGRESSIVE;
				GCC_WARN_UNUSED_FUNCTION = YES;
				GCC_WARN_UNUSED_VARIABLE = YES;
				IPHONEOS_DEPLOYMENT_TARGET = 17.0;
				LOCALIZATION_PREFERS_STRING_CATALOGS = YES;
				MTL_ENABLE_DEBUG_INFO = NO;
				MTL_FAST_MATH = YES;
				SDKROOT = iphoneos;
				SWIFT_COMPILATION_MODE = wholemodule;
				VALIDATE_PRODUCT = YES;
			};
			name = Release;
		};
		18BD7ACC2B15032F00A93EEE /* Debug */ = {
			isa = XCBuildConfiguration;
			buildSettings = {
				ASSETCATALOG_COMPILER_APPICON_NAME = AppIcon;
				ASSETCATALOG_COMPILER_GLOBAL_ACCENT_COLOR_NAME = AccentColor;
				CODE_SIGN_STYLE = Automatic;
				CURRENT_PROJECT_VERSION = 1;
				DEVELOPMENT_ASSET_PATHS = "\"CurrencyConvertor/Preview Content\"";
				DEVELOPMENT_TEAM = ZMN2T3YPPD;
				ENABLE_PREVIEWS = YES;
				GENERATE_INFOPLIST_FILE = YES;
				INFOPLIST_KEY_UIApplicationSceneManifest_Generation = YES;
				INFOPLIST_KEY_UIApplicationSupportsIndirectInputEvents = YES;
				INFOPLIST_KEY_UILaunchScreen_Generation = YES;
				INFOPLIST_KEY_UISupportedInterfaceOrientations_iPad = "UIInterfaceOrientationPortrait UIInterfaceOrientationPortraitUpsideDown UIInterfaceOrientationLandscapeLeft UIInterfaceOrientationLandscapeRight";
				INFOPLIST_KEY_UISupportedInterfaceOrientations_iPhone = "UIInterfaceOrientationPortrait UIInterfaceOrientationLandscapeLeft UIInterfaceOrientationLandscapeRight";
				LD_RUNPATH_SEARCH_PATHS = (
					"$(inherited)",
					"@executable_path/Frameworks",
				);
				MARKETING_VERSION = 1.0;
				PRODUCT_BUNDLE_IDENTIFIER = com.shoaib.CurrencyConvertor;
				PRODUCT_NAME = "$(TARGET_NAME)";
				SWIFT_EMIT_LOC_STRINGS = YES;
				SWIFT_VERSION = 5.0;
				TARGETED_DEVICE_FAMILY = "1,2";
			};
			name = Debug;
		};
		18BD7ACD2B15032F00A93EEE /* Release */ = {
			isa = XCBuildConfiguration;
			buildSettings = {
				ASSETCATALOG_COMPILER_APPICON_NAME = AppIcon;
				ASSETCATALOG_COMPILER_GLOBAL_ACCENT_COLOR_NAME = AccentColor;
				CODE_SIGN_STYLE = Automatic;
				CURRENT_PROJECT_VERSION = 1;
				DEVELOPMENT_ASSET_PATHS = "\"CurrencyConvertor/Preview Content\"";
				DEVELOPMENT_TEAM = ZMN2T3YPPD;
				ENABLE_PREVIEWS = YES;
				GENERATE_INFOPLIST_FILE = YES;
				INFOPLIST_KEY_UIApplicationSceneManifest_Generation = YES;
				INFOPLIST_KEY_UIApplicationSupportsIndirectInputEvents = YES;
				INFOPLIST_KEY_UILaunchScreen_Generation = YES;
				INFOPLIST_KEY_UISupportedInterfaceOrientations_iPad = "UIInterfaceOrientationPortrait UIInterfaceOrientationPortraitUpsideDown UIInterfaceOrientationLandscapeLeft UIInterfaceOrientationLandscapeRight";
				INFOPLIST_KEY_UISupportedInterfaceOrientations_iPhone = "UIInterfaceOrientationPortrait UIInterfaceOrientationLandscapeLeft UIInterfaceOrientationLandscapeRight";
				LD_RUNPATH_SEARCH_PATHS = (
					"$(inherited)",
					"@executable_path/Frameworks",
				);
				MARKETING_VERSION = 1.0;
				PRODUCT_BUNDLE_IDENTIFIER = com.shoaib.CurrencyConvertor;
				PRODUCT_NAME = "$(TARGET_NAME)";
				SWIFT_EMIT_LOC_STRINGS = YES;
				SWIFT_VERSION = 5.0;
				TARGETED_DEVICE_FAMILY = "1,2";
			};
			name = Release;
		};
		18BD7ACF2B15032F00A93EEE /* Debug */ = {
			isa = XCBuildConfiguration;
			buildSettings = {
				ALWAYS_EMBED_SWIFT_STANDARD_LIBRARIES = YES;
				BUNDLE_LOADER = "$(TEST_HOST)";
				CODE_SIGN_STYLE = Automatic;
				CURRENT_PROJECT_VERSION = 1;
				DEVELOPMENT_TEAM = ZMN2T3YPPD;
				GENERATE_INFOPLIST_FILE = YES;
				IPHONEOS_DEPLOYMENT_TARGET = 17.0;
				MARKETING_VERSION = 1.0;
				PRODUCT_BUNDLE_IDENTIFIER = com.shoaib.CurrencyConvertorTests;
				PRODUCT_NAME = "$(TARGET_NAME)";
				SWIFT_EMIT_LOC_STRINGS = NO;
				SWIFT_VERSION = 5.0;
				TARGETED_DEVICE_FAMILY = "1,2";
				TEST_HOST = "$(BUILT_PRODUCTS_DIR)/CurrencyConvertor.app/$(BUNDLE_EXECUTABLE_FOLDER_PATH)/CurrencyConvertor";
			};
			name = Debug;
		};
		18BD7AD02B15032F00A93EEE /* Release */ = {
			isa = XCBuildConfiguration;
			buildSettings = {
				ALWAYS_EMBED_SWIFT_STANDARD_LIBRARIES = YES;
				BUNDLE_LOADER = "$(TEST_HOST)";
				CODE_SIGN_STYLE = Automatic;
				CURRENT_PROJECT_VERSION = 1;
				DEVELOPMENT_TEAM = ZMN2T3YPPD;
				GENERATE_INFOPLIST_FILE = YES;
				IPHONEOS_DEPLOYMENT_TARGET = 17.0;
				MARKETING_VERSION = 1.0;
				PRODUCT_BUNDLE_IDENTIFIER = com.shoaib.CurrencyConvertorTests;
				PRODUCT_NAME = "$(TARGET_NAME)";
				SWIFT_EMIT_LOC_STRINGS = NO;
				SWIFT_VERSION = 5.0;
				TARGETED_DEVICE_FAMILY = "1,2";
				TEST_HOST = "$(BUILT_PRODUCTS_DIR)/CurrencyConvertor.app/$(BUNDLE_EXECUTABLE_FOLDER_PATH)/CurrencyConvertor";
			};
			name = Release;
		};
		18BD7AD22B15032F00A93EEE /* Debug */ = {
			isa = XCBuildConfiguration;
			buildSettings = {
				ALWAYS_EMBED_SWIFT_STANDARD_LIBRARIES = YES;
				CODE_SIGN_STYLE = Automatic;
				CURRENT_PROJECT_VERSION = 1;
				DEVELOPMENT_TEAM = ZMN2T3YPPD;
				GENERATE_INFOPLIST_FILE = YES;
				MARKETING_VERSION = 1.0;
				PRODUCT_BUNDLE_IDENTIFIER = com.shoaib.CurrencyConvertorUITests;
				PRODUCT_NAME = "$(TARGET_NAME)";
				SWIFT_EMIT_LOC_STRINGS = NO;
				SWIFT_VERSION = 5.0;
				TARGETED_DEVICE_FAMILY = "1,2";
				TEST_TARGET_NAME = CurrencyConvertor;
			};
			name = Debug;
		};
		18BD7AD32B15032F00A93EEE /* Release */ = {
			isa = XCBuildConfiguration;
			buildSettings = {
				ALWAYS_EMBED_SWIFT_STANDARD_LIBRARIES = YES;
				CODE_SIGN_STYLE = Automatic;
				CURRENT_PROJECT_VERSION = 1;
				DEVELOPMENT_TEAM = ZMN2T3YPPD;
				GENERATE_INFOPLIST_FILE = YES;
				MARKETING_VERSION = 1.0;
				PRODUCT_BUNDLE_IDENTIFIER = com.shoaib.CurrencyConvertorUITests;
				PRODUCT_NAME = "$(TARGET_NAME)";
				SWIFT_EMIT_LOC_STRINGS = NO;
				SWIFT_VERSION = 5.0;
				TARGETED_DEVICE_FAMILY = "1,2";
				TEST_TARGET_NAME = CurrencyConvertor;
			};
			name = Release;
		};
/* End XCBuildConfiguration section */

/* Begin XCConfigurationList section */
		18BD7AA22B15032D00A93EEE /* Build configuration list for PBXProject "CurrencyConvertor" */ = {
			isa = XCConfigurationList;
			buildConfigurations = (
				18BD7AC92B15032F00A93EEE /* Debug */,
				18BD7ACA2B15032F00A93EEE /* Release */,
			);
			defaultConfigurationIsVisible = 0;
			defaultConfigurationName = Release;
		};
		18BD7ACB2B15032F00A93EEE /* Build configuration list for PBXNativeTarget "CurrencyConvertor" */ = {
			isa = XCConfigurationList;
			buildConfigurations = (
				18BD7ACC2B15032F00A93EEE /* Debug */,
				18BD7ACD2B15032F00A93EEE /* Release */,
			);
			defaultConfigurationIsVisible = 0;
			defaultConfigurationName = Release;
		};
		18BD7ACE2B15032F00A93EEE /* Build configuration list for PBXNativeTarget "CurrencyConvertorTests" */ = {
			isa = XCConfigurationList;
			buildConfigurations = (
				18BD7ACF2B15032F00A93EEE /* Debug */,
				18BD7AD02B15032F00A93EEE /* Release */,
			);
			defaultConfigurationIsVisible = 0;
			defaultConfigurationName = Release;
		};
		18BD7AD12B15032F00A93EEE /* Build configuration list for PBXNativeTarget "CurrencyConvertorUITests" */ = {
			isa = XCConfigurationList;
			buildConfigurations = (
				18BD7AD22B15032F00A93EEE /* Debug */,
				18BD7AD32B15032F00A93EEE /* Release */,
			);
			defaultConfigurationIsVisible = 0;
			defaultConfigurationName = Release;
		};
/* End XCConfigurationList section */
	};
	rootObject = 18BD7A9F2B15032D00A93EEE /* Project object */;
}
